// !$*UTF8*$!
{
	archiveVersion = 1;
	classes = {
	};
	objectVersion = 77;
	objects = {

/* Begin PBXContainerItemProxy section */
		1DC3829C2D1B454D00B31477 /* PBXContainerItemProxy */ = {
			isa = PBXContainerItemProxy;
			containerPortal = 1DC3827D2D1B454B00B31477 /* Project object */;
			proxyType = 1;
			remoteGlobalIDString = 1DC382842D1B454B00B31477;
			remoteInfo = "Table View Practice";
		};
		1DC382A62D1B454D00B31477 /* PBXContainerItemProxy */ = {
			isa = PBXContainerItemProxy;
			containerPortal = 1DC3827D2D1B454B00B31477 /* Project object */;
			proxyType = 1;
			remoteGlobalIDString = 1DC382842D1B454B00B31477;
			remoteInfo = "Table View Practice";
		};
/* End PBXContainerItemProxy section */

/* Begin PBXFileReference section */
		1DC382852D1B454B00B31477 /* Table View Practice.app */ = {isa = PBXFileReference; explicitFileType = wrapper.application; includeInIndex = 0; path = "Table View Practice.app"; sourceTree = BUILT_PRODUCTS_DIR; };
		1DC3829B2D1B454D00B31477 /* Table View PracticeTests.xctest */ = {isa = PBXFileReference; explicitFileType = wrapper.cfbundle; includeInIndex = 0; path = "Table View PracticeTests.xctest"; sourceTree = BUILT_PRODUCTS_DIR; };
		1DC382A52D1B454D00B31477 /* Table View PracticeUITests.xctest */ = {isa = PBXFileReference; explicitFileType = wrapper.cfbundle; includeInIndex = 0; path = "Table View PracticeUITests.xctest"; sourceTree = BUILT_PRODUCTS_DIR; };
/* End PBXFileReference section */

/* Begin PBXFileSystemSynchronizedBuildFileExceptionSet section */
		1DC382AD2D1B454D00B31477 /* Exceptions for "Table View Practice" folder in "Table View Practice" target */ = {
			isa = PBXFileSystemSynchronizedBuildFileExceptionSet;
			membershipExceptions = (
				Info.plist,
			);
			target = 1DC382842D1B454B00B31477 /* Table View Practice */;
		};
/* End PBXFileSystemSynchronizedBuildFileExceptionSet section */

/* Begin PBXFileSystemSynchronizedRootGroup section */
		1DC382872D1B454B00B31477 /* Table View Practice */ = {
			isa = PBXFileSystemSynchronizedRootGroup;
			exceptions = (
				1DC382AD2D1B454D00B31477 /* Exceptions for "Table View Practice" folder in "Table View Practice" target */,
			);
			path = "Table View Practice";
			sourceTree = "<group>";
		};
		1DC3829E2D1B454D00B31477 /* Table View PracticeTests */ = {
			isa = PBXFileSystemSynchronizedRootGroup;
			path = "Table View PracticeTests";
			sourceTree = "<group>";
		};
		1DC382A82D1B454D00B31477 /* Table View PracticeUITests */ = {
			isa = PBXFileSystemSynchronizedRootGroup;
			path = "Table View PracticeUITests";
			sourceTree = "<group>";
		};
/* End PBXFileSystemSynchronizedRootGroup section */

/* Begin PBXFrameworksBuildPhase section */
		1DC382822D1B454B00B31477 /* Frameworks */ = {
			isa = PBXFrameworksBuildPhase;
			buildActionMask = 2147483647;
			files = (
			);
			runOnlyForDeploymentPostprocessing = 0;
		};
		1DC382982D1B454D00B31477 /* Frameworks */ = {
			isa = PBXFrameworksBuildPhase;
			buildActionMask = 2147483647;
			files = (
			);
			runOnlyForDeploymentPostprocessing = 0;
		};
		1DC382A22D1B454D00B31477 /* Frameworks */ = {
			isa = PBXFrameworksBuildPhase;
			buildActionMask = 2147483647;
			files = (
			);
			runOnlyForDeploymentPostprocessing = 0;
		};
/* End PBXFrameworksBuildPhase section */

/* Begin PBXGroup section */
		1DC3827C2D1B454B00B31477 = {
			isa = PBXGroup;
			children = (
				1DC382872D1B454B00B31477 /* Table View Practice */,
				1DC3829E2D1B454D00B31477 /* Table View PracticeTests */,
				1DC382A82D1B454D00B31477 /* Table View PracticeUITests */,
				1DC382862D1B454B00B31477 /* Products */,
			);
			sourceTree = "<group>";
		};
		1DC382862D1B454B00B31477 /* Products */ = {
			isa = PBXGroup;
			children = (
				1DC382852D1B454B00B31477 /* Table View Practice.app */,
				1DC3829B2D1B454D00B31477 /* Table View PracticeTests.xctest */,
				1DC382A52D1B454D00B31477 /* Table View PracticeUITests.xctest */,
			);
			name = Products;
			sourceTree = "<group>";
		};
/* End PBXGroup section */

/* Begin PBXNativeTarget section */
		1DC382842D1B454B00B31477 /* Table View Practice */ = {
			isa = PBXNativeTarget;
			buildConfigurationList = 1DC382AE2D1B454D00B31477 /* Build configuration list for PBXNativeTarget "Table View Practice" */;
			buildPhases = (
				1DC382812D1B454B00B31477 /* Sources */,
				1DC382822D1B454B00B31477 /* Frameworks */,
				1DC382832D1B454B00B31477 /* Resources */,
			);
			buildRules = (
			);
			dependencies = (
			);
			fileSystemSynchronizedGroups = (
				1DC382872D1B454B00B31477 /* Table View Practice */,
			);
			name = "Table View Practice";
			packageProductDependencies = (
			);
			productName = "Table View Practice";
			productReference = 1DC382852D1B454B00B31477 /* Table View Practice.app */;
			productType = "com.apple.product-type.application";
		};
		1DC3829A2D1B454D00B31477 /* Table View PracticeTests */ = {
			isa = PBXNativeTarget;
			buildConfigurationList = 1DC382B32D1B454D00B31477 /* Build configuration list for PBXNativeTarget "Table View PracticeTests" */;
			buildPhases = (
				1DC382972D1B454D00B31477 /* Sources */,
				1DC382982D1B454D00B31477 /* Frameworks */,
				1DC382992D1B454D00B31477 /* Resources */,
			);
			buildRules = (
			);
			dependencies = (
				1DC3829D2D1B454D00B31477 /* PBXTargetDependency */,
			);
			fileSystemSynchronizedGroups = (
				1DC3829E2D1B454D00B31477 /* Table View PracticeTests */,
			);
			name = "Table View PracticeTests";
			packageProductDependencies = (
			);
			productName = "Table View PracticeTests";
			productReference = 1DC3829B2D1B454D00B31477 /* Table View PracticeTests.xctest */;
			productType = "com.apple.product-type.bundle.unit-test";
		};
		1DC382A42D1B454D00B31477 /* Table View PracticeUITests */ = {
			isa = PBXNativeTarget;
			buildConfigurationList = 1DC382B62D1B454D00B31477 /* Build configuration list for PBXNativeTarget "Table View PracticeUITests" */;
			buildPhases = (
				1DC382A12D1B454D00B31477 /* Sources */,
				1DC382A22D1B454D00B31477 /* Frameworks */,
				1DC382A32D1B454D00B31477 /* Resources */,
			);
			buildRules = (
			);
			dependencies = (
				1DC382A72D1B454D00B31477 /* PBXTargetDependency */,
			);
			fileSystemSynchronizedGroups = (
				1DC382A82D1B454D00B31477 /* Table View PracticeUITests */,
			);
			name = "Table View PracticeUITests";
			packageProductDependencies = (
			);
			productName = "Table View PracticeUITests";
			productReference = 1DC382A52D1B454D00B31477 /* Table View PracticeUITests.xctest */;
			productType = "com.apple.product-type.bundle.ui-testing";
		};
/* End PBXNativeTarget section */

/* Begin PBXProject section */
		1DC3827D2D1B454B00B31477 /* Project object */ = {
			isa = PBXProject;
			attributes = {
				BuildIndependentTargetsInParallel = 1;
				LastSwiftUpdateCheck = 1620;
				LastUpgradeCheck = 1620;
				TargetAttributes = {
					1DC382842D1B454B00B31477 = {
						CreatedOnToolsVersion = 16.2;
					};
					1DC3829A2D1B454D00B31477 = {
						CreatedOnToolsVersion = 16.2;
						TestTargetID = 1DC382842D1B454B00B31477;
					};
					1DC382A42D1B454D00B31477 = {
						CreatedOnToolsVersion = 16.2;
						TestTargetID = 1DC382842D1B454B00B31477;
					};
				};
			};
			buildConfigurationList = 1DC382802D1B454B00B31477 /* Build configuration list for PBXProject "Table View Practice" */;
			developmentRegion = en;
			hasScannedForEncodings = 0;
			knownRegions = (
				en,
				Base,
			);
			mainGroup = 1DC3827C2D1B454B00B31477;
			minimizedProjectReferenceProxies = 1;
			preferredProjectObjectVersion = 77;
			productRefGroup = 1DC382862D1B454B00B31477 /* Products */;
			projectDirPath = "";
			projectRoot = "";
			targets = (
				1DC382842D1B454B00B31477 /* Table View Practice */,
				1DC3829A2D1B454D00B31477 /* Table View PracticeTests */,
				1DC382A42D1B454D00B31477 /* Table View PracticeUITests */,
			);
		};
/* End PBXProject section */

/* Begin PBXResourcesBuildPhase section */
		1DC382832D1B454B00B31477 /* Resources */ = {
			isa = PBXResourcesBuildPhase;
			buildActionMask = 2147483647;
			files = (
			);
			runOnlyForDeploymentPostprocessing = 0;
		};
		1DC382992D1B454D00B31477 /* Resources */ = {
			isa = PBXResourcesBuildPhase;
			buildActionMask = 2147483647;
			files = (
			);
			runOnlyForDeploymentPostprocessing = 0;
		};
		1DC382A32D1B454D00B31477 /* Resources */ = {
			isa = PBXResourcesBuildPhase;
			buildActionMask = 2147483647;
			files = (
			);
			runOnlyForDeploymentPostprocessing = 0;
		};
/* End PBXResourcesBuildPhase section */

/* Begin PBXSourcesBuildPhase section */
		1DC382812D1B454B00B31477 /* Sources */ = {
			isa = PBXSourcesBuildPhase;
			buildActionMask = 2147483647;
			files = (
			);
			runOnlyForDeploymentPostprocessing = 0;
		};
		1DC382972D1B454D00B31477 /* Sources */ = {
			isa = PBXSourcesBuildPhase;
			buildActionMask = 2147483647;
			files = (
			);
			runOnlyForDeploymentPostprocessing = 0;
		};
		1DC382A12D1B454D00B31477 /* Sources */ = {
			isa = PBXSourcesBuildPhase;
			buildActionMask = 2147483647;
			files = (
			);
			runOnlyForDeploymentPostprocessing = 0;
		};
/* End PBXSourcesBuildPhase section */

/* Begin PBXTargetDependency section */
		1DC3829D2D1B454D00B31477 /* PBXTargetDependency */ = {
			isa = PBXTargetDependency;
			target = 1DC382842D1B454B00B31477 /* Table View Practice */;
			targetProxy = 1DC3829C2D1B454D00B31477 /* PBXContainerItemProxy */;
		};
		1DC382A72D1B454D00B31477 /* PBXTargetDependency */ = {
			isa = PBXTargetDependency;
			target = 1DC382842D1B454B00B31477 /* Table View Practice */;
			targetProxy = 1DC382A62D1B454D00B31477 /* PBXContainerItemProxy */;
		};
/* End PBXTargetDependency section */

/* Begin XCBuildConfiguration section */
		1DC382AF2D1B454D00B31477 /* Debug */ = {
			isa = XCBuildConfiguration;
			buildSettings = {
				ASSETCATALOG_COMPILER_APPICON_NAME = AppIcon;
				ASSETCATALOG_COMPILER_GLOBAL_ACCENT_COLOR_NAME = AccentColor;
				CODE_SIGN_STYLE = Automatic;
				CURRENT_PROJECT_VERSION = 1;
				GENERATE_INFOPLIST_FILE = YES;
				INFOPLIST_FILE = "Table View Practice/Info.plist";
				INFOPLIST_KEY_UIApplicationSupportsIndirectInputEvents = YES;
				INFOPLIST_KEY_UILaunchStoryboardName = LaunchScreen;
				INFOPLIST_KEY_UIMainStoryboardFile = Main;
				INFOPLIST_KEY_UISupportedInterfaceOrientations_iPad = "UIInterfaceOrientationPortrait UIInterfaceOrientationPortraitUpsideDown UIInterfaceOrientationLandscapeLeft UIInterfaceOrientationLandscapeRight";
				INFOPLIST_KEY_UISupportedInterfaceOrientations_iPhone = "UIInterfaceOrientationPortrait UIInterfaceOrientationLandscapeLeft UIInterfaceOrientationLandscapeRight";
				LD_RUNPATH_SEARCH_PATHS = (
					"$(inherited)",
					"@executable_path/Frameworks",
				);
				MARKETING_VERSION = 1.0;
				PRODUCT_BUNDLE_IDENTIFIER = "Tech-Consultants.Table-View-Practice";
				PRODUCT_NAME = "$(TARGET_NAME)";
				SWIFT_EMIT_LOC_STRINGS = YES;
				SWIFT_VERSION = 5.0;
				TARGETED_DEVICE_FAMILY = "1,2";
			};
			name = Debug;
		};
		1DC382B02D1B454D00B31477 /* Release */ = {
			isa = XCBuildConfiguration;
			buildSettings = {
				ASSETCATALOG_COMPILER_APPICON_NAME = AppIcon;
				ASSETCATALOG_COMPILER_GLOBAL_ACCENT_COLOR_NAME = AccentColor;
				CODE_SIGN_STYLE = Automatic;
				CURRENT_PROJECT_VERSION = 1;
				GENERATE_INFOPLIST_FILE = YES;
				INFOPLIST_FILE = "Table View Practice/Info.plist";
				INFOPLIST_KEY_UIApplicationSupportsIndirectInputEvents = YES;
				INFOPLIST_KEY_UILaunchStoryboardName = LaunchScreen;
				INFOPLIST_KEY_UIMainStoryboardFile = Main;
				INFOPLIST_KEY_UISupportedInterfaceOrientations_iPad = "UIInterfaceOrientationPortrait UIInterfaceOrientationPortraitUpsideDown UIInterfaceOrientationLandscapeLeft UIInterfaceOrientationLandscapeRight";
				INFOPLIST_KEY_UISupportedInterfaceOrientations_iPhone = "UIInterfaceOrientationPortrait UIInterfaceOrientationLandscapeLeft UIInterfaceOrientationLandscapeRight";
				LD_RUNPATH_SEARCH_PATHS = (
					"$(inherited)",
					"@executable_path/Frameworks",
				);
				MARKETING_VERSION = 1.0;
				PRODUCT_BUNDLE_IDENTIFIER = "Tech-Consultants.Table-View-Practice";
				PRODUCT_NAME = "$(TARGET_NAME)";
				SWIFT_EMIT_LOC_STRINGS = YES;
				SWIFT_VERSION = 5.0;
				TARGETED_DEVICE_FAMILY = "1,2";
			};
			name = Release;
		};
		1DC382B12D1B454D00B31477 /* Debug */ = {
			isa = XCBuildConfiguration;
			buildSettings = {
				ALWAYS_SEARCH_USER_PATHS = NO;
				ASSETCATALOG_COMPILER_GENERATE_SWIFT_ASSET_SYMBOL_EXTENSIONS = YES;
				CLANG_ANALYZER_NONNULL = YES;
				CLANG_ANALYZER_NUMBER_OBJECT_CONVERSION = YES_AGGRESSIVE;
				CLANG_CXX_LANGUAGE_STANDARD = "gnu++20";
				CLANG_ENABLE_MODULES = YES;
				CLANG_ENABLE_OBJC_ARC = YES;
				CLANG_ENABLE_OBJC_WEAK = YES;
				CLANG_WARN_BLOCK_CAPTURE_AUTORELEASING = YES;
				CLANG_WARN_BOOL_CONVERSION = YES;
				CLANG_WARN_COMMA = YES;
				CLANG_WARN_CONSTANT_CONVERSION = YES;
				CLANG_WARN_DEPRECATED_OBJC_IMPLEMENTATIONS = YES;
				CLANG_WARN_DIRECT_OBJC_ISA_USAGE = YES_ERROR;
				CLANG_WARN_DOCUMENTATION_COMMENTS = YES;
				CLANG_WARN_EMPTY_BODY = YES;
				CLANG_WARN_ENUM_CONVERSION = YES;
				CLANG_WARN_INFINITE_RECURSION = YES;
				CLANG_WARN_INT_CONVERSION = YES;
				CLANG_WARN_NON_LITERAL_NULL_CONVERSION = YES;
				CLANG_WARN_OBJC_IMPLICIT_RETAIN_SELF = YES;
				CLANG_WARN_OBJC_LITERAL_CONVERSION = YES;
				CLANG_WARN_OBJC_ROOT_CLASS = YES_ERROR;
				CLANG_WARN_QUOTED_INCLUDE_IN_FRAMEWORK_HEADER = YES;
				CLANG_WARN_RANGE_LOOP_ANALYSIS = YES;
				CLANG_WARN_STRICT_PROTOTYPES = YES;
				CLANG_WARN_SUSPICIOUS_MOVE = YES;
				CLANG_WARN_UNGUARDED_AVAILABILITY = YES_AGGRESSIVE;
				CLANG_WARN_UNREACHABLE_CODE = YES;
				CLANG_WARN__DUPLICATE_METHOD_MATCH = YES;
				COPY_PHASE_STRIP = NO;
				DEBUG_INFORMATION_FORMAT = dwarf;
				ENABLE_STRICT_OBJC_MSGSEND = YES;
				ENABLE_TESTABILITY = YES;
				ENABLE_USER_SCRIPT_SANDBOXING = YES;
				GCC_C_LANGUAGE_STANDARD = gnu17;
				GCC_DYNAMIC_NO_PIC = NO;
				GCC_NO_COMMON_BLOCKS = YES;
				GCC_OPTIMIZATION_LEVEL = 0;
				GCC_PREPROCESSOR_DEFINITIONS = (
					"DEBUG=1",
					"$(inherited)",
				);
				GCC_WARN_64_TO_32_BIT_CONVERSION = YES;
				GCC_WARN_ABOUT_RETURN_TYPE = YES_ERROR;
				GCC_WARN_UNDECLARED_SELECTOR = YES;
				GCC_WARN_UNINITIALIZED_AUTOS = YES_AGGRESSIVE;
				GCC_WARN_UNUSED_FUNCTION = YES;
				GCC_WARN_UNUSED_VARIABLE = YES;
				IPHONEOS_DEPLOYMENT_TARGET = 18.2;
				LOCALIZATION_PREFERS_STRING_CATALOGS = YES;
				MTL_ENABLE_DEBUG_INFO = INCLUDE_SOURCE;
				MTL_FAST_MATH = YES;
				ONLY_ACTIVE_ARCH = YES;
				SDKROOT = iphoneos;
				SWIFT_ACTIVE_COMPILATION_CONDITIONS = "DEBUG $(inherited)";
				SWIFT_OPTIMIZATION_LEVEL = "-Onone";
			};
			name = Debug;
		};
		1DC382B22D1B454D00B31477 /* Release */ = {
			isa = XCBuildConfiguration;
			buildSettings = {
				ALWAYS_SEARCH_USER_PATHS = NO;
				ASSETCATALOG_COMPILER_GENERATE_SWIFT_ASSET_SYMBOL_EXTENSIONS = YES;
				CLANG_ANALYZER_NONNULL = YES;
				CLANG_ANALYZER_NUMBER_OBJECT_CONVERSION = YES_AGGRESSIVE;
				CLANG_CXX_LANGUAGE_STANDARD = "gnu++20";
				CLANG_ENABLE_MODULES = YES;
				CLANG_ENABLE_OBJC_ARC = YES;
				CLANG_ENABLE_OBJC_WEAK = YES;
				CLANG_WARN_BLOCK_CAPTURE_AUTORELEASING = YES;
				CLANG_WARN_BOOL_CONVERSION = YES;
				CLANG_WARN_COMMA = YES;
				CLANG_WARN_CONSTANT_CONVERSION = YES;
				CLANG_WARN_DEPRECATED_OBJC_IMPLEMENTATIONS = YES;
				CLANG_WARN_DIRECT_OBJC_ISA_USAGE = YES_ERROR;
				CLANG_WARN_DOCUMENTATION_COMMENTS = YES;
				CLANG_WARN_EMPTY_BODY = YES;
				CLANG_WARN_ENUM_CONVERSION = YES;
				CLANG_WARN_INFINITE_RECURSION = YES;
				CLANG_WARN_INT_CONVERSION = YES;
				CLANG_WARN_NON_LITERAL_NULL_CONVERSION = YES;
				CLANG_WARN_OBJC_IMPLICIT_RETAIN_SELF = YES;
				CLANG_WARN_OBJC_LITERAL_CONVERSION = YES;
				CLANG_WARN_OBJC_ROOT_CLASS = YES_ERROR;
				CLANG_WARN_QUOTED_INCLUDE_IN_FRAMEWORK_HEADER = YES;
				CLANG_WARN_RANGE_LOOP_ANALYSIS = YES;
				CLANG_WARN_STRICT_PROTOTYPES = YES;
				CLANG_WARN_SUSPICIOUS_MOVE = YES;
				CLANG_WARN_UNGUARDED_AVAILABILITY = YES_AGGRESSIVE;
				CLANG_WARN_UNREACHABLE_CODE = YES;
				CLANG_WARN__DUPLICATE_METHOD_MATCH = YES;
				COPY_PHASE_STRIP = NO;
				DEBUG_INFORMATION_FORMAT = "dwarf-with-dsym";
				ENABLE_NS_ASSERTIONS = NO;
				ENABLE_STRICT_OBJC_MSGSEND = YES;
				ENABLE_USER_SCRIPT_SANDBOXING = YES;
				GCC_C_LANGUAGE_STANDARD = gnu17;
				GCC_NO_COMMON_BLOCKS = YES;
				GCC_WARN_64_TO_32_BIT_CONVERSION = YES;
				GCC_WARN_ABOUT_RETURN_TYPE = YES_ERROR;
				GCC_WARN_UNDECLARED_SELECTOR = YES;
				GCC_WARN_UNINITIALIZED_AUTOS = YES_AGGRESSIVE;
				GCC_WARN_UNUSED_FUNCTION = YES;
				GCC_WARN_UNUSED_VARIABLE = YES;
				IPHONEOS_DEPLOYMENT_TARGET = 18.2;
				LOCALIZATION_PREFERS_STRING_CATALOGS = YES;
				MTL_ENABLE_DEBUG_INFO = NO;
				MTL_FAST_MATH = YES;
				SDKROOT = iphoneos;
				SWIFT_COMPILATION_MODE = wholemodule;
				VALIDATE_PRODUCT = YES;
			};
			name = Release;
		};
		1DC382B42D1B454D00B31477 /* Debug */ = {
			isa = XCBuildConfiguration;
			buildSettings = {
				BUNDLE_LOADER = "$(TEST_HOST)";
				CODE_SIGN_STYLE = Automatic;
				CURRENT_PROJECT_VERSION = 1;
				GENERATE_INFOPLIST_FILE = YES;
				IPHONEOS_DEPLOYMENT_TARGET = 18.2;
				MARKETING_VERSION = 1.0;
				PRODUCT_BUNDLE_IDENTIFIER = "Tech-Consultants.Table-View-PracticeTests";
				PRODUCT_NAME = "$(TARGET_NAME)";
				SWIFT_EMIT_LOC_STRINGS = NO;
				SWIFT_VERSION = 5.0;
				TARGETED_DEVICE_FAMILY = "1,2";
				TEST_HOST = "$(BUILT_PRODUCTS_DIR)/Table View Practice.app/$(BUNDLE_EXECUTABLE_FOLDER_PATH)/Table View Practice";
			};
			name = Debug;
		};
		1DC382B52D1B454D00B31477 /* Release */ = {
			isa = XCBuildConfiguration;
			buildSettings = {
				BUNDLE_LOADER = "$(TEST_HOST)";
				CODE_SIGN_STYLE = Automatic;
				CURRENT_PROJECT_VERSION = 1;
				GENERATE_INFOPLIST_FILE = YES;
				IPHONEOS_DEPLOYMENT_TARGET = 18.2;
				MARKETING_VERSION = 1.0;
				PRODUCT_BUNDLE_IDENTIFIER = "Tech-Consultants.Table-View-PracticeTests";
				PRODUCT_NAME = "$(TARGET_NAME)";
				SWIFT_EMIT_LOC_STRINGS = NO;
				SWIFT_VERSION = 5.0;
				TARGETED_DEVICE_FAMILY = "1,2";
				TEST_HOST = "$(BUILT_PRODUCTS_DIR)/Table View Practice.app/$(BUNDLE_EXECUTABLE_FOLDER_PATH)/Table View Practice";
			};
			name = Release;
		};
		1DC382B72D1B454D00B31477 /* Debug */ = {
			isa = XCBuildConfiguration;
			buildSettings = {
				CODE_SIGN_STYLE = Automatic;
				CURRENT_PROJECT_VERSION = 1;
				GENERATE_INFOPLIST_FILE = YES;
				MARKETING_VERSION = 1.0;
				PRODUCT_BUNDLE_IDENTIFIER = "Tech-Consultants.Table-View-PracticeUITests";
				PRODUCT_NAME = "$(TARGET_NAME)";
				SWIFT_EMIT_LOC_STRINGS = NO;
				SWIFT_VERSION = 5.0;
				TARGETED_DEVICE_FAMILY = "1,2";
				TEST_TARGET_NAME = "Table View Practice";
			};
			name = Debug;
		};
		1DC382B82D1B454D00B31477 /* Release */ = {
			isa = XCBuildConfiguration;
			buildSettings = {
				CODE_SIGN_STYLE = Automatic;
				CURRENT_PROJECT_VERSION = 1;
				GENERATE_INFOPLIST_FILE = YES;
				MARKETING_VERSION = 1.0;
				PRODUCT_BUNDLE_IDENTIFIER = "Tech-Consultants.Table-View-PracticeUITests";
				PRODUCT_NAME = "$(TARGET_NAME)";
				SWIFT_EMIT_LOC_STRINGS = NO;
				SWIFT_VERSION = 5.0;
				TARGETED_DEVICE_FAMILY = "1,2";
				TEST_TARGET_NAME = "Table View Practice";
			};
			name = Release;
		};
/* End XCBuildConfiguration section */

/* Begin XCConfigurationList section */
		1DC382802D1B454B00B31477 /* Build configuration list for PBXProject "Table View Practice" */ = {
			isa = XCConfigurationList;
			buildConfigurations = (
				1DC382B12D1B454D00B31477 /* Debug */,
				1DC382B22D1B454D00B31477 /* Release */,
			);
			defaultConfigurationIsVisible = 0;
			defaultConfigurationName = Release;
		};
		1DC382AE2D1B454D00B31477 /* Build configuration list for PBXNativeTarget "Table View Practice" */ = {
			isa = XCConfigurationList;
			buildConfigurations = (
				1DC382AF2D1B454D00B31477 /* Debug */,
				1DC382B02D1B454D00B31477 /* Release */,
			);
			defaultConfigurationIsVisible = 0;
			defaultConfigurationName = Release;
		};
		1DC382B32D1B454D00B31477 /* Build configuration list for PBXNativeTarget "Table View PracticeTests" */ = {
			isa = XCConfigurationList;
			buildConfigurations = (
				1DC382B42D1B454D00B31477 /* Debug */,
				1DC382B52D1B454D00B31477 /* Release */,
			);
			defaultConfigurationIsVisible = 0;
			defaultConfigurationName = Release;
		};
		1DC382B62D1B454D00B31477 /* Build configuration list for PBXNativeTarget "Table View PracticeUITests" */ = {
			isa = XCConfigurationList;
			buildConfigurations = (
				1DC382B72D1B454D00B31477 /* Debug */,
				1DC382B82D1B454D00B31477 /* Release */,
			);
			defaultConfigurationIsVisible = 0;
			defaultConfigurationName = Release;
		};
/* End XCConfigurationList section */
	};
	rootObject = 1DC3827D2D1B454B00B31477 /* Project object */;
}
